{
  "version": 1,
  "dependencies": {
    "net9.0": {
      "dotenv.net": {
        "type": "Direct",
        "requested": "[3.2.1, )",
        "resolved": "3.2.1",
        "contentHash": "2fc2s5PH6wAoWQ8bpyVgz28y9qMs/t8ToiCKqSM6mWpjgg4QQSPtZ0nia0x/OebGLSDbxyOelVH+fULZH7N4mA=="
      }
    },
    "net9.0/linux-x64": {}
  }
}